dependencies:
- name: postgresql
  repository: https://charts.bitnami.com/bitnami
  version: 8.7.3
- name: smtp
  repository: https://charts.ntppool.org/
  version: 1.0.1
- name: nginx
  repository: https://charts.bitnami.com/bitnami
  version: 8.8.0
digest: sha256:645eb02cebdfc561356f34e8a8e0875c68d16c4ee816b9b28235bd7046a13418
generated: "2021-04-11T01:43:45.6691222+09:00"
